<?xml version="1.0" encoding="utf-8"?>
<Project ToolsVersion="Current" xmlns="http://schemas.microsoft.com/developer/msbuild/2003">
  <ItemGroup>
    <ClCompile Include="src\bullet.cpp">
      <Filter>Source Files</Filter>
    </ClCompile>
    <ClCompile Include="src\enemy.cpp">
      <Filter>Source Files</Filter>
    </ClCompile>
    <ClCompile Include="src\enemy_formation.cpp">
      <Filter>Source Files</Filter>
    </ClCompile>
    <ClCompile Include="src\game.cpp">
      <Filter>Source Files</Filter>
    </ClCompile>
    <ClCompile Include="src\main.cpp">
      <Filter>Source Files</Filter>
    </ClCompile>
    <ClCompile Include="src\components\player_controller.cpp">
      <Filter>Source Files</Filter>
    </ClCompile>
    <ClCompile Include="src\shield.cpp">
      <Filter>Source Files</Filter>
    </ClCompile>
    <ClCompile Include="src\ship.cpp">
      <Filter>Source Files</Filter>
    </ClCompile>
    <ClCompile Include="src\components\shooter_component.cpp">
      <Filter>Source Files</Filter>
    </ClCompile>
  </ItemGroup>
  <ItemGroup>
    <ClInclude Include="include\bullet.h">
      <Filter>Header Files</Filter>
    </ClInclude>
    <ClInclude Include="include\enemy.h">
      <Filter>Header Files</Filter>
    </ClInclude>
    <ClInclude Include="include\enemy_formation.h">
      <Filter>Header Files</Filter>
    </ClInclude>
    <ClInclude Include="include\game.h">
      <Filter>Header Files</Filter>
    </ClInclude>
    <ClInclude Include="include\components\player_controller.h">
      <Filter>Header Files</Filter>
    </ClInclude>
    <ClInclude Include="include\shield.h">
      <Filter>Header Files</Filter>
    </ClInclude>
    <ClInclude Include="include\ship.h">
      <Filter>Header Files</Filter>
    </ClInclude>
    <ClInclude Include="include\components\shooter_component.h">
      <Filter>Header Files</Filter>
    </ClInclude>
    <ClInclude Include="include\types.h">
      <Filter>Header Files</Filter>
    </ClInclude>
  </ItemGroup>
  <ItemGroup>
    <None Include="..\RenderCore\resources\shaders\vertex_sprite.glsl">
      <Filter>Resources</Filter>
    </None>
    <None Include="..\RenderCore\resources\shaders\fragment_sprite.glsl">
      <Filter>Resources</Filter>
    </None>
  </ItemGroup>
  <ItemGroup>
    <Filter Include="Header Files">
      <UniqueIdentifier>{558f7b58-b51a-44cd-b071-2357c1178329}</UniqueIdentifier>
    </Filter>
    <Filter Include="Source Files">
      <UniqueIdentifier>{a479d888-d9de-46de-a0c9-fe57b78794b9}</UniqueIdentifier>
    </Filter>
    <Filter Include="Resources">
      <UniqueIdentifier>{14ca2c6b-d730-4301-bc0b-ee41fddf5c06}</UniqueIdentifier>
    </Filter>
  </ItemGroup>
</Project>